
Microsoft Visual Studio Solution File, Format Version 12.00
# Visual Studio Version 17
VisualStudioVersion = 17.11.35327.3
MinimumVisualStudioVersion = 10.0.40219.1
Project("{FAE04EC0-301F-11D3-BF4B-00C04F79EFBC}") = "Website", "Website\Website.csproj", "{7E56239D-2C9A-4AB4-96E3-637D65681679}"
EndProject
Project("{FAE04EC0-301F-11D3-BF4B-00C04F79EFBC}") = "DataAccess", "DataAccess\DataAccess.csproj", "{0A4BE9F5-B100-4D33-A9CD-C05DCF428C27}"
EndProject
Project("{FAE04EC0-301F-11D3-BF4B-00C04F79EFBC}") = "Models", "Models\Models.csproj", "{6C54F978-7274-408B-A79E-DD77B7D1ED51}"
EndProject
Global
	GlobalSection(SolutionConfigurationPlatforms) = preSolution
		Debug|Any CPU = Debug|Any CPU
		Release|Any CPU = Release|Any CPU
	EndGlobalSection
	GlobalSection(ProjectConfigurationPlatforms) = postSolution
		{7E56239D-2C9A-4AB4-96E3-637D65681679}.Debug|Any CPU.ActiveCfg = Debug|Any CPU
		{7E56239D-2C9A-4AB4-96E3-637D65681679}.Debug|Any CPU.Build.0 = Debug|Any CPU
		{7E56239D-2C9A-4AB4-96E3-637D65681679}.Release|Any CPU.ActiveCfg = Release|Any CPU
		{7E56239D-2C9A-4AB4-96E3-637D65681679}.Release|Any CPU.Build.0 = Release|Any CPU
		{0A4BE9F5-B100-4D33-A9CD-C05DCF428C27}.Debug|Any CPU.ActiveCfg = Debug|Any CPU
		{0A4BE9F5-B100-4D33-A9CD-C05DCF428C27}.Debug|Any CPU.Build.0 = Debug|Any CPU
		{0A4BE9F5-B100-4D33-A9CD-C05DCF428C27}.Release|Any CPU.ActiveCfg = Release|Any CPU
		{0A4BE9F5-B100-4D33-A9CD-C05DCF428C27}.Release|Any CPU.Build.0 = Release|Any CPU
		{6C54F978-7274-408B-A79E-DD77B7D1ED51}.Debug|Any CPU.ActiveCfg = Debug|Any CPU
		{6C54F978-7274-408B-A79E-DD77B7D1ED51}.Debug|Any CPU.Build.0 = Debug|Any CPU
		{6C54F978-7274-408B-A79E-DD77B7D1ED51}.Release|Any CPU.ActiveCfg = Release|Any CPU
		{6C54F978-7274-408B-A79E-DD77B7D1ED51}.Release|Any CPU.Build.0 = Release|Any CPU
	EndGlobalSection
	GlobalSection(SolutionProperties) = preSolution
		HideSolutionNode = FALSE
	EndGlobalSection
	GlobalSection(ExtensibilityGlobals) = postSolution
		SolutionGuid = {3C272CEF-2F02-4BFD-92D4-5A163FDDBE12}
	EndGlobalSection
EndGlobal
